
Microsoft Visual Studio Solution File, Format Version 12.00
# Visual Studio Version 17
VisualStudioVersion = 17.7.34202.233
MinimumVisualStudioVersion = 10.0.40219.1
Project("{FAE04EC0-301F-11D3-BF4B-00C04F79EFBC}") = "ELO", "ELO\ELO.csproj", "{3AB11216-224C-40D5-9CCE-1CF4107DE3BD}"
EndProject
Global
	GlobalSection(SolutionConfigurationPlatforms) = preSolution
		Debug|Any CPU = Debug|Any CPU
		Release|Any CPU = Release|Any CPU
	EndGlobalSection
	GlobalSection(ProjectConfigurationPlatforms) = postSolution
		{3AB11216-224C-40D5-9CCE-1CF4107DE3BD}.Debug|Any CPU.ActiveCfg = Debug|Any CPU
		{3AB11216-224C-40D5-9CCE-1CF4107DE3BD}.Debug|Any CPU.Build.0 = Debug|Any CPU
		{3AB11216-224C-40D5-9CCE-1CF4107DE3BD}.Release|Any CPU.ActiveCfg = Release|Any CPU
		{3AB11216-224C-40D5-9CCE-1CF4107DE3BD}.Release|Any CPU.Build.0 = Release|Any CPU
	EndGlobalSection
	GlobalSection(SolutionProperties) = preSolution
		HideSolutionNode = FALSE
	EndGlobalSection
	GlobalSection(ExtensibilityGlobals) = postSolution
		SolutionGuid = {6366BCAE-12BF-4AD0-9625-0DEC93C370D3}
	EndGlobalSection
EndGlobal
